<?xml version="1.0" encoding="UTF-8"?>
<Scheme
   version = "1.3">
   <BuildAction>
      <BuildActionEntries>
         <BuildActionEntry
            buildForRunning = "YES">
            <BuildableReference
               BuildableIdentifier = "primary"
               BlueprintIdentifier = "DA3E2EEB6C3CA1BF23C0AD3C"
               BuildableName = "Gatcha-Log.app"
               BlueprintName = "GL_IOS"
               ReferencedContainer = "container:GL_IOS.xcodeproj">
            </BuildableReference>
         </BuildActionEntry>
      </BuildActionEntries>
   </BuildAction>
   <LaunchAction
      useCustomWorkingDirectory = "NO"
      buildConfiguration = "Debug"
      allowLocationSimulation = "YES">
      <BuildableProductRunnable>
         <BuildableReference
            BuildableIdentifier = "primary"
            BlueprintIdentifier = "DA3E2EEB6C3CA1BF23C0AD3C"
            BuildableName = "Gatcha-Log.app"
            BlueprintName = "GL_IOS"
            ReferencedContainer = "container:GL_IOS.xcodeproj">
         </BuildableReference>
      </BuildableProductRunnable>
   </LaunchAction>
</Scheme>
